
Microsoft Visual Studio Solution File, Format Version 12.00
# Visual Studio 15
VisualStudioVersion = 15.0.28306.52
MinimumVisualStudioVersion = 10.0.40219.1
Project("{FAE04EC0-301F-11D3-BF4B-00C04F79EFBC}") = "ConsoleApp1", "ConsoleApp1\ConsoleApp1.csproj", "{734380B4-B498-4244-9572-16C5F2A1E218}"
EndProject
Global
	GlobalSection(SolutionConfigurationPlatforms) = preSolution
		Debug|Any CPU = Debug|Any CPU
		Release|Any CPU = Release|Any CPU
	EndGlobalSection
	GlobalSection(ProjectConfigurationPlatforms) = postSolution
		{734380B4-B498-4244-9572-16C5F2A1E218}.Debug|Any CPU.ActiveCfg = Debug|Any CPU
		{734380B4-B498-4244-9572-16C5F2A1E218}.Debug|Any CPU.Build.0 = Debug|Any CPU
		{734380B4-B498-4244-9572-16C5F2A1E218}.Release|Any CPU.ActiveCfg = Release|Any CPU
		{734380B4-B498-4244-9572-16C5F2A1E218}.Release|Any CPU.Build.0 = Release|Any CPU
	EndGlobalSection
	GlobalSection(SolutionProperties) = preSolution
		HideSolutionNode = FALSE
	EndGlobalSection
	GlobalSection(ExtensibilityGlobals) = postSolution
		SolutionGuid = {9952F506-BF18-4D90-A206-A9A7BA720480}
	EndGlobalSection
EndGlobal
